
Microsoft Visual Studio Solution File, Format Version 12.00
# Visual Studio Version 16
VisualStudioVersion = 16.0.31112.23
MinimumVisualStudioVersion = 10.0.40219.1
Project("{8BC9CEB8-8B4A-11D0-8D11-00A0C91BC942}") = "lotto", "lotto.vcxproj", "{E1F6B370-7B6D-48AF-9A16-022F35DEF338}"
EndProject
Global
	GlobalSection(SolutionConfigurationPlatforms) = preSolution
		Debug|x64 = Debug|x64
		Debug|x86 = Debug|x86
		Release|x64 = Release|x64
		Release|x86 = Release|x86
	EndGlobalSection
	GlobalSection(ProjectConfigurationPlatforms) = postSolution
		{E1F6B370-7B6D-48AF-9A16-022F35DEF338}.Debug|x64.ActiveCfg = Debug|x64
		{E1F6B370-7B6D-48AF-9A16-022F35DEF338}.Debug|x64.Build.0 = Debug|x64
		{E1F6B370-7B6D-48AF-9A16-022F35DEF338}.Debug|x86.ActiveCfg = Debug|Win32
		{E1F6B370-7B6D-48AF-9A16-022F35DEF338}.Debug|x86.Build.0 = Debug|Win32
		{E1F6B370-7B6D-48AF-9A16-022F35DEF338}.Release|x64.ActiveCfg = Release|x64
		{E1F6B370-7B6D-48AF-9A16-022F35DEF338}.Release|x64.Build.0 = Release|x64
		{E1F6B370-7B6D-48AF-9A16-022F35DEF338}.Release|x86.ActiveCfg = Release|Win32
		{E1F6B370-7B6D-48AF-9A16-022F35DEF338}.Release|x86.Build.0 = Release|Win32
	EndGlobalSection
	GlobalSection(SolutionProperties) = preSolution
		HideSolutionNode = FALSE
	EndGlobalSection
	GlobalSection(ExtensibilityGlobals) = postSolution
		SolutionGuid = {45ABA7CC-01C5-4031-A478-EEB992D47790}
	EndGlobalSection
EndGlobal
